
Microsoft Visual Studio Solution File, Format Version 12.00
# Visual Studio 15
VisualStudioVersion = 15.0.28307.271
MinimumVisualStudioVersion = 10.0.40219.1
Project("{FAE04EC0-301F-11D3-BF4B-00C04F79EFBC}") = "HelloWorld", "HelloWorld\HelloWorld.csproj", "{5E507519-A153-4324-B56C-45EC02A42918}"
EndProject
Global
	GlobalSection(SolutionConfigurationPlatforms) = preSolution
		Debug|Any CPU = Debug|Any CPU
		Release|Any CPU = Release|Any CPU
	EndGlobalSection
	GlobalSection(ProjectConfigurationPlatforms) = postSolution
		{5E507519-A153-4324-B56C-45EC02A42918}.Debug|Any CPU.ActiveCfg = Debug|Any CPU
		{5E507519-A153-4324-B56C-45EC02A42918}.Debug|Any CPU.Build.0 = Debug|Any CPU
		{5E507519-A153-4324-B56C-45EC02A42918}.Release|Any CPU.ActiveCfg = Release|Any CPU
		{5E507519-A153-4324-B56C-45EC02A42918}.Release|Any CPU.Build.0 = Release|Any CPU
	EndGlobalSection
	GlobalSection(SolutionProperties) = preSolution
		HideSolutionNode = FALSE
	EndGlobalSection
	GlobalSection(ExtensibilityGlobals) = postSolution
		SolutionGuid = {CDA0FD9C-BC40-4130-B8F9-01FB96A6C1BA}
	EndGlobalSection
EndGlobal
